# Aequera Firefox upstream lock — production baseline (Release track).
#
# Canonical pin: upstream.revision.git (full 40-character commit SHA).
# Channel, version, and ref are provenance metadata, not the pin.
# A build must never silently replace this revision with a remote tip.
#
# Policy: docs/engineering/UPSTREAM1.md, docs/engineering/UPSTREAM2.md.
# Consumed by: aequera upstream fetch/status/verify/checkout/update
#              (tools/cli, Phase 0 Workstream 1).

schema_version: 1

upstream:
  name: firefox
  repository:
    type: git
    url: https://github.com/mozilla-firefox/firefox.git

  channel: release
  version: "157.0.1"

  revision:
    git: "0c469c2352451630bc69fc328c9f0c589c6c534d"

  resolved_from:
    type: tag
    ref: FIREFOX_157_0_1_RELEASE

  pinned_at: 2026-10-10

patchset:
  manifest: patches/manifest.yaml
  version: 0
